
Microsoft Visual Studio Solution File, Format Version 12.00
# Visual Studio Version 16
VisualStudioVersion = 16.0.31515.178
MinimumVisualStudioVersion = 10.0.40219.1
Project("{FAE04EC0-301F-11D3-BF4B-00C04F79EFBC}") = "Dz3", "Dz3\Dz3.csproj", "{82BD6F56-70ED-451B-91AB-EA2195D3CF54}"
EndProject
Global
	GlobalSection(SolutionConfigurationPlatforms) = preSolution
		Debug|Any CPU = Debug|Any CPU
		Release|Any CPU = Release|Any CPU
	EndGlobalSection
	GlobalSection(ProjectConfigurationPlatforms) = postSolution
		{82BD6F56-70ED-451B-91AB-EA2195D3CF54}.Debug|Any CPU.ActiveCfg = Debug|Any CPU
		{82BD6F56-70ED-451B-91AB-EA2195D3CF54}.Debug|Any CPU.Build.0 = Debug|Any CPU
		{82BD6F56-70ED-451B-91AB-EA2195D3CF54}.Release|Any CPU.ActiveCfg = Release|Any CPU
		{82BD6F56-70ED-451B-91AB-EA2195D3CF54}.Release|Any CPU.Build.0 = Release|Any CPU
	EndGlobalSection
	GlobalSection(SolutionProperties) = preSolution
		HideSolutionNode = FALSE
	EndGlobalSection
	GlobalSection(ExtensibilityGlobals) = postSolution
		SolutionGuid = {B179EA19-C271-41C8-B83B-24892AE8CC5A}
	EndGlobalSection
EndGlobal
